
Microsoft Visual Studio Solution File, Format Version 12.00
# Visual Studio Version 17
VisualStudioVersion = 17.5.002.0
MinimumVisualStudioVersion = 10.0.40219.1
Project("{9A19103F-16F7-4668-BE54-9A1E7A4F7556}") = "JSONtutorial", "JSONtutorial.csproj", "{9045A4CB-D05E-41D1-A01C-B56A8469F399}"
EndProject
Global
	GlobalSection(SolutionConfigurationPlatforms) = preSolution
		Debug|Any CPU = Debug|Any CPU
		Release|Any CPU = Release|Any CPU
	EndGlobalSection
	GlobalSection(ProjectConfigurationPlatforms) = postSolution
		{9045A4CB-D05E-41D1-A01C-B56A8469F399}.Debug|Any CPU.ActiveCfg = Debug|Any CPU
		{9045A4CB-D05E-41D1-A01C-B56A8469F399}.Debug|Any CPU.Build.0 = Debug|Any CPU
		{9045A4CB-D05E-41D1-A01C-B56A8469F399}.Release|Any CPU.ActiveCfg = Release|Any CPU
		{9045A4CB-D05E-41D1-A01C-B56A8469F399}.Release|Any CPU.Build.0 = Release|Any CPU
	EndGlobalSection
	GlobalSection(SolutionProperties) = preSolution
		HideSolutionNode = FALSE
	EndGlobalSection
	GlobalSection(ExtensibilityGlobals) = postSolution
		SolutionGuid = {4DD467F2-6E09-4171-A084-1DFCAF25CC97}
	EndGlobalSection
EndGlobal
